
Microsoft Visual Studio Solution File, Format Version 12.00
# Visual Studio Version 17
VisualStudioVersion = 17.5.002.0
MinimumVisualStudioVersion = 10.0.40219.1
Project("{9A19103F-16F7-4668-BE54-9A1E7A4F7556}") = "acervo-hq-frontend", "acervo-hq-frontend.csproj", "{BF8B1504-9529-4D32-A918-4ECB4F3DE35C}"
EndProject
Global
	GlobalSection(SolutionConfigurationPlatforms) = preSolution
		Debug|Any CPU = Debug|Any CPU
		Release|Any CPU = Release|Any CPU
	EndGlobalSection
	GlobalSection(ProjectConfigurationPlatforms) = postSolution
		{BF8B1504-9529-4D32-A918-4ECB4F3DE35C}.Debug|Any CPU.ActiveCfg = Debug|Any CPU
		{BF8B1504-9529-4D32-A918-4ECB4F3DE35C}.Debug|Any CPU.Build.0 = Debug|Any CPU
		{BF8B1504-9529-4D32-A918-4ECB4F3DE35C}.Release|Any CPU.ActiveCfg = Release|Any CPU
		{BF8B1504-9529-4D32-A918-4ECB4F3DE35C}.Release|Any CPU.Build.0 = Release|Any CPU
	EndGlobalSection
	GlobalSection(SolutionProperties) = preSolution
		HideSolutionNode = FALSE
	EndGlobalSection
	GlobalSection(ExtensibilityGlobals) = postSolution
		SolutionGuid = {1B94D620-75EF-4500-BEB0-6A353BBF25F8}
	EndGlobalSection
EndGlobal
